
Microsoft Visual Studio Solution File, Format Version 12.00
# Visual Studio Version 17
VisualStudioVersion = 17.3.32922.545
MinimumVisualStudioVersion = 10.0.40219.1
Project("{FAE04EC0-301F-11D3-BF4B-00C04F79EFBC}") = "StudentDemo", "StudentDemo.csproj", "{CEA42C22-3430-4A0C-AB55-04E7CF6E4AA6}"
EndProject
Global
	GlobalSection(SolutionConfigurationPlatforms) = preSolution
		Debug|Any CPU = Debug|Any CPU
		Release|Any CPU = Release|Any CPU
	EndGlobalSection
	GlobalSection(ProjectConfigurationPlatforms) = postSolution
		{CEA42C22-3430-4A0C-AB55-04E7CF6E4AA6}.Debug|Any CPU.ActiveCfg = Debug|Any CPU
		{CEA42C22-3430-4A0C-AB55-04E7CF6E4AA6}.Debug|Any CPU.Build.0 = Debug|Any CPU
		{CEA42C22-3430-4A0C-AB55-04E7CF6E4AA6}.Release|Any CPU.ActiveCfg = Release|Any CPU
		{CEA42C22-3430-4A0C-AB55-04E7CF6E4AA6}.Release|Any CPU.Build.0 = Release|Any CPU
	EndGlobalSection
	GlobalSection(SolutionProperties) = preSolution
		HideSolutionNode = FALSE
	EndGlobalSection
	GlobalSection(ExtensibilityGlobals) = postSolution
		SolutionGuid = {C60447A6-C5F6-4250-91D9-8BFBC3ADB95B}
	EndGlobalSection
EndGlobal
